
Microsoft Visual Studio Solution File, Format Version 12.00
# Visual Studio Version 16
VisualStudioVersion = 16.0.30413.136
MinimumVisualStudioVersion = 10.0.40219.1
Project("{8BC9CEB8-8B4A-11D0-8D11-00A0C91BC942}") = "ex01", "ex01\ex01.vcxproj", "{2BCDC418-9081-4490-A919-458A8F542F74}"
EndProject
Project("{8BC9CEB8-8B4A-11D0-8D11-00A0C91BC942}") = "ex02", "ex02\ex02.vcxproj", "{70BAFEA1-ADC9-4B3D-8A27-AD0D2BEE63D2}"
EndProject
Project("{8BC9CEB8-8B4A-11D0-8D11-00A0C91BC942}") = "ex03", "ex03\ex03.vcxproj", "{0C079DA4-3B33-45AA-A845-66EF5192D525}"
EndProject
Project("{8BC9CEB8-8B4A-11D0-8D11-00A0C91BC942}") = "ex04", "ex04\ex04.vcxproj", "{5CC5BE11-FA39-42FA-A0EB-83A7526BF297}"
EndProject
Project("{8BC9CEB8-8B4A-11D0-8D11-00A0C91BC942}") = "ex05", "ex05\ex05.vcxproj", "{EAB5B52D-7E79-42F4-B63A-50EA9F019B14}"
EndProject
Project("{8BC9CEB8-8B4A-11D0-8D11-00A0C91BC942}") = "ex06", "ex06\ex06.vcxproj", "{93706C3D-F63F-4B65-849B-557343524DCE}"
EndProject
Global
	GlobalSection(SolutionConfigurationPlatforms) = preSolution
		Debug|x64 = Debug|x64
		Debug|x86 = Debug|x86
		Release|x64 = Release|x64
		Release|x86 = Release|x86
	EndGlobalSection
	GlobalSection(ProjectConfigurationPlatforms) = postSolution
		{2BCDC418-9081-4490-A919-458A8F542F74}.Debug|x64.ActiveCfg = Debug|x64
		{2BCDC418-9081-4490-A919-458A8F542F74}.Debug|x64.Build.0 = Debug|x64
		{2BCDC418-9081-4490-A919-458A8F542F74}.Debug|x86.ActiveCfg = Debug|Win32
		{2BCDC418-9081-4490-A919-458A8F542F74}.Debug|x86.Build.0 = Debug|Win32
		{2BCDC418-9081-4490-A919-458A8F542F74}.Release|x64.ActiveCfg = Release|x64
		{2BCDC418-9081-4490-A919-458A8F542F74}.Release|x64.Build.0 = Release|x64
		{2BCDC418-9081-4490-A919-458A8F542F74}.Release|x86.ActiveCfg = Release|Win32
		{2BCDC418-9081-4490-A919-458A8F542F74}.Release|x86.Build.0 = Release|Win32
		{70BAFEA1-ADC9-4B3D-8A27-AD0D2BEE63D2}.Debug|x64.ActiveCfg = Debug|x64
		{70BAFEA1-ADC9-4B3D-8A27-AD0D2BEE63D2}.Debug|x64.Build.0 = Debug|x64
		{70BAFEA1-ADC9-4B3D-8A27-AD0D2BEE63D2}.Debug|x86.ActiveCfg = Debug|Win32
		{70BAFEA1-ADC9-4B3D-8A27-AD0D2BEE63D2}.Debug|x86.Build.0 = Debug|Win32
		{70BAFEA1-ADC9-4B3D-8A27-AD0D2BEE63D2}.Release|x64.ActiveCfg = Release|x64
		{70BAFEA1-ADC9-4B3D-8A27-AD0D2BEE63D2}.Release|x64.Build.0 = Release|x64
		{70BAFEA1-ADC9-4B3D-8A27-AD0D2BEE63D2}.Release|x86.ActiveCfg = Release|Win32
		{70BAFEA1-ADC9-4B3D-8A27-AD0D2BEE63D2}.Release|x86.Build.0 = Release|Win32
		{0C079DA4-3B33-45AA-A845-66EF5192D525}.Debug|x64.ActiveCfg = Debug|x64
		{0C079DA4-3B33-45AA-A845-66EF5192D525}.Debug|x64.Build.0 = Debug|x64
		{0C079DA4-3B33-45AA-A845-66EF5192D525}.Debug|x86.ActiveCfg = Debug|Win32
		{0C079DA4-3B33-45AA-A845-66EF5192D525}.Debug|x86.Build.0 = Debug|Win32
		{0C079DA4-3B33-45AA-A845-66EF5192D525}.Release|x64.ActiveCfg = Release|x64
		{0C079DA4-3B33-45AA-A845-66EF5192D525}.Release|x64.Build.0 = Release|x64
		{0C079DA4-3B33-45AA-A845-66EF5192D525}.Release|x86.ActiveCfg = Release|Win32
		{0C079DA4-3B33-45AA-A845-66EF5192D525}.Release|x86.Build.0 = Release|Win32
		{5CC5BE11-FA39-42FA-A0EB-83A7526BF297}.Debug|x64.ActiveCfg = Debug|x64
		{5CC5BE11-FA39-42FA-A0EB-83A7526BF297}.Debug|x64.Build.0 = Debug|x64
		{5CC5BE11-FA39-42FA-A0EB-83A7526BF297}.Debug|x86.ActiveCfg = Debug|Win32
		{5CC5BE11-FA39-42FA-A0EB-83A7526BF297}.Debug|x86.Build.0 = Debug|Win32
		{5CC5BE11-FA39-42FA-A0EB-83A7526BF297}.Release|x64.ActiveCfg = Release|x64
		{5CC5BE11-FA39-42FA-A0EB-83A7526BF297}.Release|x64.Build.0 = Release|x64
		{5CC5BE11-FA39-42FA-A0EB-83A7526BF297}.Release|x86.ActiveCfg = Release|Win32
		{5CC5BE11-FA39-42FA-A0EB-83A7526BF297}.Release|x86.Build.0 = Release|Win32
		{EAB5B52D-7E79-42F4-B63A-50EA9F019B14}.Debug|x64.ActiveCfg = Debug|x64
		{EAB5B52D-7E79-42F4-B63A-50EA9F019B14}.Debug|x64.Build.0 = Debug|x64
		{EAB5B52D-7E79-42F4-B63A-50EA9F019B14}.Debug|x86.ActiveCfg = Debug|Win32
		{EAB5B52D-7E79-42F4-B63A-50EA9F019B14}.Debug|x86.Build.0 = Debug|Win32
		{EAB5B52D-7E79-42F4-B63A-50EA9F019B14}.Release|x64.ActiveCfg = Release|x64
		{EAB5B52D-7E79-42F4-B63A-50EA9F019B14}.Release|x64.Build.0 = Release|x64
		{EAB5B52D-7E79-42F4-B63A-50EA9F019B14}.Release|x86.ActiveCfg = Release|Win32
		{EAB5B52D-7E79-42F4-B63A-50EA9F019B14}.Release|x86.Build.0 = Release|Win32
		{93706C3D-F63F-4B65-849B-557343524DCE}.Debug|x64.ActiveCfg = Debug|x64
		{93706C3D-F63F-4B65-849B-557343524DCE}.Debug|x64.Build.0 = Debug|x64
		{93706C3D-F63F-4B65-849B-557343524DCE}.Debug|x86.ActiveCfg = Debug|Win32
		{93706C3D-F63F-4B65-849B-557343524DCE}.Debug|x86.Build.0 = Debug|Win32
		{93706C3D-F63F-4B65-849B-557343524DCE}.Release|x64.ActiveCfg = Release|x64
		{93706C3D-F63F-4B65-849B-557343524DCE}.Release|x64.Build.0 = Release|x64
		{93706C3D-F63F-4B65-849B-557343524DCE}.Release|x86.ActiveCfg = Release|Win32
		{93706C3D-F63F-4B65-849B-557343524DCE}.Release|x86.Build.0 = Release|Win32
	EndGlobalSection
	GlobalSection(SolutionProperties) = preSolution
		HideSolutionNode = FALSE
	EndGlobalSection
	GlobalSection(ExtensibilityGlobals) = postSolution
		SolutionGuid = {13A428F6-92EE-4175-8A06-5395DA2004F5}
	EndGlobalSection
EndGlobal
